// !$*UTF8*$!
{
	archiveVersion = 1;
	classes = {
	};
	objectVersion = 50;
	objects = {

/* Begin PBXBuildFile section */
		8035CA82212EEB23005C193C /* AppDelegate.m in Sources */ = {isa = PBXBuildFile; fileRef = 8035CA81212EEB23005C193C /* AppDelegate.m */; };
		8035CA85212EEB23005C193C /* ViewController.m in Sources */ = {isa = PBXBuildFile; fileRef = 8035CA84212EEB23005C193C /* ViewController.m */; };
		8035CA88212EEB23005C193C /* Main.storyboard in Resources */ = {isa = PBXBuildFile; fileRef = 8035CA86212EEB23005C193C /* Main.storyboard */; };
		8035CA8A212EEB25005C193C /* Assets.xcassets in Resources */ = {isa = PBXBuildFile; fileRef = 8035CA89212EEB25005C193C /* Assets.xcassets */; };
		8035CA8D212EEB25005C193C /* LaunchScreen.storyboard in Resources */ = {isa = PBXBuildFile; fileRef = 8035CA8B212EEB25005C193C /* LaunchScreen.storyboard */; };
		8035CA90212EEB25005C193C /* main.m in Sources */ = {isa = PBXBuildFile; fileRef = 8035CA8F212EEB25005C193C /* main.m */; };
		80E7C2592131174700F9E13A /* UITableView+Empty.m in Sources */ = {isa = PBXBuildFile; fileRef = 80E7C2582131174700F9E13A /* UITableView+Empty.m */; };
/* End PBXBuildFile section */

/* Begin PBXFileReference section */
		8035CA7D212EEB23005C193C /* XYTableViewEmpty.app */ = {isa = PBXFileReference; explicitFileType = wrapper.application; includeInIndex = 0; path = XYTableViewEmpty.app; sourceTree = BUILT_PRODUCTS_DIR; };
		8035CA80212EEB23005C193C /* AppDelegate.h */ = {isa = PBXFileReference; lastKnownFileType = sourcecode.c.h; path = AppDelegate.h; sourceTree = "<group>"; };
		8035CA81212EEB23005C193C /* AppDelegate.m */ = {isa = PBXFileReference; lastKnownFileType = sourcecode.c.objc; path = AppDelegate.m; sourceTree = "<group>"; };
		8035CA83212EEB23005C193C /* ViewController.h */ = {isa = PBXFileReference; lastKnownFileType = sourcecode.c.h; path = ViewController.h; sourceTree = "<group>"; };
		8035CA84212EEB23005C193C /* ViewController.m */ = {isa = PBXFileReference; lastKnownFileType = sourcecode.c.objc; path = ViewController.m; sourceTree = "<group>"; };
		8035CA87212EEB23005C193C /* Base */ = {isa = PBXFileReference; lastKnownFileType = file.storyboard; name = Base; path = Base.lproj/Main.storyboard; sourceTree = "<group>"; };
		8035CA89212EEB25005C193C /* Assets.xcassets */ = {isa = PBXFileReference; lastKnownFileType = folder.assetcatalog; path = Assets.xcassets; sourceTree = "<group>"; };
		8035CA8C212EEB25005C193C /* Base */ = {isa = PBXFileReference; lastKnownFileType = file.storyboard; name = Base; path = Base.lproj/LaunchScreen.storyboard; sourceTree = "<group>"; };
		8035CA8E212EEB25005C193C /* Info.plist */ = {isa = PBXFileReference; lastKnownFileType = text.plist.xml; path = Info.plist; sourceTree = "<group>"; };
		8035CA8F212EEB25005C193C /* main.m */ = {isa = PBXFileReference; lastKnownFileType = sourcecode.c.objc; path = main.m; sourceTree = "<group>"; };
		80E7C2572131174700F9E13A /* UITableView+Empty.h */ = {isa = PBXFileReference; lastKnownFileType = sourcecode.c.h; path = "UITableView+Empty.h"; sourceTree = "<group>"; };
		80E7C2582131174700F9E13A /* UITableView+Empty.m */ = {isa = PBXFileReference; lastKnownFileType = sourcecode.c.objc; path = "UITableView+Empty.m"; sourceTree = "<group>"; };
/* End PBXFileReference section */

/* Begin PBXFrameworksBuildPhase section */
		8035CA7A212EEB23005C193C /* Frameworks */ = {
			isa = PBXFrameworksBuildPhase;
			buildActionMask = 2147483647;
			files = (
			);
			runOnlyForDeploymentPostprocessing = 0;
		};
/* End PBXFrameworksBuildPhase section */

/* Begin PBXGroup section */
		8035CA74212EEB23005C193C = {
			isa = PBXGroup;
			children = (
				8035CA7F212EEB23005C193C /* XYTableViewEmpty */,
				8035CA7E212EEB23005C193C /* Products */,
			);
			sourceTree = "<group>";
		};
		8035CA7E212EEB23005C193C /* Products */ = {
			isa = PBXGroup;
			children = (
				8035CA7D212EEB23005C193C /* XYTableViewEmpty.app */,
			);
			name = Products;
			sourceTree = "<group>";
		};
		8035CA7F212EEB23005C193C /* XYTableViewEmpty */ = {
			isa = PBXGroup;
			children = (
				8035CA80212EEB23005C193C /* AppDelegate.h */,
				8035CA81212EEB23005C193C /* AppDelegate.m */,
				8035CA83212EEB23005C193C /* ViewController.h */,
				8035CA84212EEB23005C193C /* ViewController.m */,
				80E7C2572131174700F9E13A /* UITableView+Empty.h */,
				80E7C2582131174700F9E13A /* UITableView+Empty.m */,
				8035CA86212EEB23005C193C /* Main.storyboard */,
				8035CA89212EEB25005C193C /* Assets.xcassets */,
				8035CA8B212EEB25005C193C /* LaunchScreen.storyboard */,
				8035CA8E212EEB25005C193C /* Info.plist */,
				8035CA8F212EEB25005C193C /* main.m */,
			);
			path = XYTableViewEmpty;
			sourceTree = "<group>";
		};
/* End PBXGroup section */

/* Begin PBXNativeTarget section */
		8035CA7C212EEB23005C193C /* XYTableViewEmpty */ = {
			isa = PBXNativeTarget;
			buildConfigurationList = 8035CA93212EEB25005C193C /* Build configuration list for PBXNativeTarget "XYTableViewEmpty" */;
			buildPhases = (
				8035CA79212EEB23005C193C /* Sources */,
				8035CA7A212EEB23005C193C /* Frameworks */,
				8035CA7B212EEB23005C193C /* Resources */,
			);
			buildRules = (
			);
			dependencies = (
			);
			name = XYTableViewEmpty;
			productName = XYTableViewEmpty;
			productReference = 8035CA7D212EEB23005C193C /* XYTableViewEmpty.app */;
			productType = "com.apple.product-type.application";
		};
/* End PBXNativeTarget section */

/* Begin PBXProject section */
		8035CA75212EEB23005C193C /* Project object */ = {
			isa = PBXProject;
			attributes = {
				LastUpgradeCheck = 0940;
				ORGANIZATIONNAME = cxy;
				TargetAttributes = {
					8035CA7C212EEB23005C193C = {
						CreatedOnToolsVersion = 9.4.1;
					};
				};
			};
			buildConfigurationList = 8035CA78212EEB23005C193C /* Build configuration list for PBXProject "XYTableViewEmpty" */;
			compatibilityVersion = "Xcode 9.3";
			developmentRegion = en;
			hasScannedForEncodings = 0;
			knownRegions = (
				en,
				Base,
			);
			mainGroup = 8035CA74212EEB23005C193C;
			productRefGroup = 8035CA7E212EEB23005C193C /* Products */;
			projectDirPath = "";
			projectRoot = "";
			targets = (
				8035CA7C212EEB23005C193C /* XYTableViewEmpty */,
			);
		};
/* End PBXProject section */

/* Begin PBXResourcesBuildPhase section */
		8035CA7B212EEB23005C193C /* Resources */ = {
			isa = PBXResourcesBuildPhase;
			buildActionMask = 2147483647;
			files = (
				8035CA8D212EEB25005C193C /* LaunchScreen.storyboard in Resources */,
				8035CA8A212EEB25005C193C /* Assets.xcassets in Resources */,
				8035CA88212EEB23005C193C /* Main.storyboard in Resources */,
			);
			runOnlyForDeploymentPostprocessing = 0;
		};
/* End PBXResourcesBuildPhase section */

/* Begin PBXSourcesBuildPhase section */
		8035CA79212EEB23005C193C /* Sources */ = {
			isa = PBXSourcesBuildPhase;
			buildActionMask = 2147483647;
			files = (
				8035CA85212EEB23005C193C /* ViewController.m in Sources */,
				80E7C2592131174700F9E13A /* UITableView+Empty.m in Sources */,
				8035CA90212EEB25005C193C /* main.m in Sources */,
				8035CA82212EEB23005C193C /* AppDelegate.m in Sources */,
			);
			runOnlyForDeploymentPostprocessing = 0;
		};
/* End PBXSourcesBuildPhase section */

/* Begin PBXVariantGroup section */
		8035CA86212EEB23005C193C /* Main.storyboard */ = {
			isa = PBXVariantGroup;
			children = (
				8035CA87212EEB23005C193C /* Base */,
			);
			name = Main.storyboard;
			sourceTree = "<group>";
		};
		8035CA8B212EEB25005C193C /* LaunchScreen.storyboard */ = {
			isa = PBXVariantGroup;
			children = (
				8035CA8C212EEB25005C193C /* Base */,
			);
			name = LaunchScreen.storyboard;
			sourceTree = "<group>";
		};
/* End PBXVariantGroup section */

/* Begin XCBuildConfiguration section */
		8035CA91212EEB25005C193C /* Debug */ = {
			isa = XCBuildConfiguration;
			buildSettings = {
				ALWAYS_SEARCH_USER_PATHS = NO;
				CLANG_ANALYZER_NONNULL = YES;
				CLANG_ANALYZER_NUMBER_OBJECT_CONVERSION = YES_AGGRESSIVE;
				CLANG_CXX_LANGUAGE_STANDARD = "gnu++14";
				CLANG_CXX_LIBRARY = "libc++";
				CLANG_ENABLE_MODULES = YES;
				CLANG_ENABLE_OBJC_ARC = YES;
				CLANG_ENABLE_OBJC_WEAK = YES;
				CLANG_WARN_BLOCK_CAPTURE_AUTORELEASING = YES;
				CLANG_WARN_BOOL_CONVERSION = YES;
				CLANG_WARN_COMMA = YES;
				CLANG_WARN_CONSTANT_CONVERSION = YES;
				CLANG_WARN_DEPRECATED_OBJC_IMPLEMENTATIONS = YES;
				CLANG_WARN_DIRECT_OBJC_ISA_USAGE = YES_ERROR;
				CLANG_WARN_DOCUMENTATION_COMMENTS = YES;
				CLANG_WARN_EMPTY_BODY = YES;
				CLANG_WARN_ENUM_CONVERSION = YES;
				CLANG_WARN_INFINITE_RECURSION = YES;
				CLANG_WARN_INT_CONVERSION = YES;
				CLANG_WARN_NON_LITERAL_NULL_CONVERSION = YES;
				CLANG_WARN_OBJC_IMPLICIT_RETAIN_SELF = YES;
				CLANG_WARN_OBJC_LITERAL_CONVERSION = YES;
				CLANG_WARN_OBJC_ROOT_CLASS = YES_ERROR;
				CLANG_WARN_RANGE_LOOP_ANALYSIS = YES;
				CLANG_WARN_STRICT_PROTOTYPES = YES;
				CLANG_WARN_SUSPICIOUS_MOVE = YES;
				CLANG_WARN_UNGUARDED_AVAILABILITY = YES_AGGRESSIVE;
				CLANG_WARN_UNREACHABLE_CODE = YES;
				CLANG_WARN__DUPLICATE_METHOD_MATCH = YES;
				CODE_SIGN_IDENTITY = "iPhone Developer";
				COPY_PHASE_STRIP = NO;
				DEBUG_INFORMATION_FORMAT = dwarf;
				ENABLE_STRICT_OBJC_MSGSEND = YES;
				ENABLE_TESTABILITY = YES;
				GCC_C_LANGUAGE_STANDARD = gnu11;
				GCC_DYNAMIC_NO_PIC = NO;
				GCC_NO_COMMON_BLOCKS = YES;
				GCC_OPTIMIZATION_LEVEL = 0;
				GCC_PREPROCESSOR_DEFINITIONS = (
					"DEBUG=1",
					"$(inherited)",
				);
				GCC_WARN_64_TO_32_BIT_CONVERSION = YES;
				GCC_WARN_ABOUT_RETURN_TYPE = YES_ERROR;
				GCC_WARN_UNDECLARED_SELECTOR = YES;
				GCC_WARN_UNINITIALIZED_AUTOS = YES_AGGRESSIVE;
				GCC_WARN_UNUSED_FUNCTION = YES;
				GCC_WARN_UNUSED_VARIABLE = YES;
				IPHONEOS_DEPLOYMENT_TARGET = 11.4;
				MTL_ENABLE_DEBUG_INFO = YES;
				ONLY_ACTIVE_ARCH = YES;
				SDKROOT = iphoneos;
			};
			name = Debug;
		};
		8035CA92212EEB25005C193C /* Release */ = {
			isa = XCBuildConfiguration;
			buildSettings = {
				ALWAYS_SEARCH_USER_PATHS = NO;
				CLANG_ANALYZER_NONNULL = YES;
				CLANG_ANALYZER_NUMBER_OBJECT_CONVERSION = YES_AGGRESSIVE;
				CLANG_CXX_LANGUAGE_STANDARD = "gnu++14";
				CLANG_CXX_LIBRARY = "libc++";
				CLANG_ENABLE_MODULES = YES;
				CLANG_ENABLE_OBJC_ARC = YES;
				CLANG_ENABLE_OBJC_WEAK = YES;
				CLANG_WARN_BLOCK_CAPTURE_AUTORELEASING = YES;
				CLANG_WARN_BOOL_CONVERSION = YES;
				CLANG_WARN_COMMA = YES;
				CLANG_WARN_CONSTANT_CONVERSION = YES;
				CLANG_WARN_DEPRECATED_OBJC_IMPLEMENTATIONS = YES;
				CLANG_WARN_DIRECT_OBJC_ISA_USAGE = YES_ERROR;
				CLANG_WARN_DOCUMENTATION_COMMENTS = YES;
				CLANG_WARN_EMPTY_BODY = YES;
				CLANG_WARN_ENUM_CONVERSION = YES;
				CLANG_WARN_INFINITE_RECURSION = YES;
				CLANG_WARN_INT_CONVERSION = YES;
				CLANG_WARN_NON_LITERAL_NULL_CONVERSION = YES;
				CLANG_WARN_OBJC_IMPLICIT_RETAIN_SELF = YES;
				CLANG_WARN_OBJC_LITERAL_CONVERSION = YES;
				CLANG_WARN_OBJC_ROOT_CLASS = YES_ERROR;
				CLANG_WARN_RANGE_LOOP_ANALYSIS = YES;
				CLANG_WARN_STRICT_PROTOTYPES = YES;
				CLANG_WARN_SUSPICIOUS_MOVE = YES;
				CLANG_WARN_UNGUARDED_AVAILABILITY = YES_AGGRESSIVE;
				CLANG_WARN_UNREACHABLE_CODE = YES;
				CLANG_WARN__DUPLICATE_METHOD_MATCH = YES;
				CODE_SIGN_IDENTITY = "iPhone Developer";
				COPY_PHASE_STRIP = NO;
				DEBUG_INFORMATION_FORMAT = "dwarf-with-dsym";
				ENABLE_NS_ASSERTIONS = NO;
				ENABLE_STRICT_OBJC_MSGSEND = YES;
				GCC_C_LANGUAGE_STANDARD = gnu11;
				GCC_NO_COMMON_BLOCKS = YES;
				GCC_WARN_64_TO_32_BIT_CONVERSION = YES;
				GCC_WARN_ABOUT_RETURN_TYPE = YES_ERROR;
				GCC_WARN_UNDECLARED_SELECTOR = YES;
				GCC_WARN_UNINITIALIZED_AUTOS = YES_AGGRESSIVE;
				GCC_WARN_UNUSED_FUNCTION = YES;
				GCC_WARN_UNUSED_VARIABLE = YES;
				IPHONEOS_DEPLOYMENT_TARGET = 11.4;
				MTL_ENABLE_DEBUG_INFO = NO;
				SDKROOT = iphoneos;
				VALIDATE_PRODUCT = YES;
			};
			name = Release;
		};
		8035CA94212EEB25005C193C /* Debug */ = {
			isa = XCBuildConfiguration;
			buildSettings = {
				ASSETCATALOG_COMPILER_APPICON_NAME = AppIcon;
				CODE_SIGN_STYLE = Automatic;
				DEVELOPMENT_TEAM = H6N6PCG8PL;
				INFOPLIST_FILE = XYTableViewEmpty/Info.plist;
				LD_RUNPATH_SEARCH_PATHS = (
					"$(inherited)",
					"@executable_path/Frameworks",
				);
				PRODUCT_BUNDLE_IDENTIFIER = com.cxy.XYTableViewEmpty;
				PRODUCT_NAME = "$(TARGET_NAME)";
				TARGETED_DEVICE_FAMILY = "1,2";
			};
			name = Debug;
		};
		8035CA95212EEB25005C193C /* Release */ = {
			isa = XCBuildConfiguration;
			buildSettings = {
				ASSETCATALOG_COMPILER_APPICON_NAME = AppIcon;
				CODE_SIGN_STYLE = Automatic;
				DEVELOPMENT_TEAM = H6N6PCG8PL;
				INFOPLIST_FILE = XYTableViewEmpty/Info.plist;
				LD_RUNPATH_SEARCH_PATHS = (
					"$(inherited)",
					"@executable_path/Frameworks",
				);
				PRODUCT_BUNDLE_IDENTIFIER = com.cxy.XYTableViewEmpty;
				PRODUCT_NAME = "$(TARGET_NAME)";
				TARGETED_DEVICE_FAMILY = "1,2";
			};
			name = Release;
		};
/* End XCBuildConfiguration section */

/* Begin XCConfigurationList section */
		8035CA78212EEB23005C193C /* Build configuration list for PBXProject "XYTableViewEmpty" */ = {
			isa = XCConfigurationList;
			buildConfigurations = (
				8035CA91212EEB25005C193C /* Debug */,
				8035CA92212EEB25005C193C /* Release */,
			);
			defaultConfigurationIsVisible = 0;
			defaultConfigurationName = Release;
		};
		8035CA93212EEB25005C193C /* Build configuration list for PBXNativeTarget "XYTableViewEmpty" */ = {
			isa = XCConfigurationList;
			buildConfigurations = (
				8035CA94212EEB25005C193C /* Debug */,
				8035CA95212EEB25005C193C /* Release */,
			);
			defaultConfigurationIsVisible = 0;
			defaultConfigurationName = Release;
		};
/* End XCConfigurationList section */
	};
	rootObject = 8035CA75212EEB23005C193C /* Project object */;
}
